
Microsoft Visual Studio Solution File, Format Version 12.00
# Visual Studio Version 17
VisualStudioVersion = 17.7.34031.279
MinimumVisualStudioVersion = 10.0.40219.1
Project("{FAE04EC0-301F-11D3-BF4B-00C04F79EFBC}") = "BusinessClockApi", "BusinessClockApi\BusinessClockApi.csproj", "{A44EDEE7-8937-4BFD-8845-AA1BDB5794E4}"
EndProject
Project("{FAE04EC0-301F-11D3-BF4B-00C04F79EFBC}") = "BusinessClockApi.IntegrationTests", "BusinessClockApi.IntegrationTests\BusinessClockApi.IntegrationTests.csproj", "{C825ABDF-89E7-46C9-AE98-EF326FFC5FF5}"
EndProject
Project("{FAE04EC0-301F-11D3-BF4B-00C04F79EFBC}") = "BusinessClockApi.UnitTests", "BusinessClockApi.UnitTests\BusinessClockApi.UnitTests.csproj", "{90FCA58B-8BE0-4B1C-AF56-F2D888422FBF}"
EndProject
Global
	GlobalSection(SolutionConfigurationPlatforms) = preSolution
		Debug|Any CPU = Debug|Any CPU
		Release|Any CPU = Release|Any CPU
	EndGlobalSection
	GlobalSection(ProjectConfigurationPlatforms) = postSolution
		{A44EDEE7-8937-4BFD-8845-AA1BDB5794E4}.Debug|Any CPU.ActiveCfg = Debug|Any CPU
		{A44EDEE7-8937-4BFD-8845-AA1BDB5794E4}.Debug|Any CPU.Build.0 = Debug|Any CPU
		{A44EDEE7-8937-4BFD-8845-AA1BDB5794E4}.Release|Any CPU.ActiveCfg = Release|Any CPU
		{A44EDEE7-8937-4BFD-8845-AA1BDB5794E4}.Release|Any CPU.Build.0 = Release|Any CPU
		{C825ABDF-89E7-46C9-AE98-EF326FFC5FF5}.Debug|Any CPU.ActiveCfg = Debug|Any CPU
		{C825ABDF-89E7-46C9-AE98-EF326FFC5FF5}.Debug|Any CPU.Build.0 = Debug|Any CPU
		{C825ABDF-89E7-46C9-AE98-EF326FFC5FF5}.Release|Any CPU.ActiveCfg = Release|Any CPU
		{C825ABDF-89E7-46C9-AE98-EF326FFC5FF5}.Release|Any CPU.Build.0 = Release|Any CPU
		{90FCA58B-8BE0-4B1C-AF56-F2D888422FBF}.Debug|Any CPU.ActiveCfg = Debug|Any CPU
		{90FCA58B-8BE0-4B1C-AF56-F2D888422FBF}.Debug|Any CPU.Build.0 = Debug|Any CPU
		{90FCA58B-8BE0-4B1C-AF56-F2D888422FBF}.Release|Any CPU.ActiveCfg = Release|Any CPU
		{90FCA58B-8BE0-4B1C-AF56-F2D888422FBF}.Release|Any CPU.Build.0 = Release|Any CPU
	EndGlobalSection
	GlobalSection(SolutionProperties) = preSolution
		HideSolutionNode = FALSE
	EndGlobalSection
	GlobalSection(ExtensibilityGlobals) = postSolution
		SolutionGuid = {69A43637-D33C-49C5-BC8E-6A90D65B7B21}
	EndGlobalSection
EndGlobal
